
Microsoft Visual Studio Solution File, Format Version 12.00
# Visual Studio Version 17
VisualStudioVersion = 17.14.36310.24
MinimumVisualStudioVersion = 10.0.40219.1
Project("{FAE04EC0-301F-11D3-BF4B-00C04F79EFBC}") = "CalculatorProgram", "Calculator\CalculatorProgram.csproj", "{7ED4AE3C-F5C8-4E85-8BDC-7E4D875C80F9}"
EndProject
Project("{FAE04EC0-301F-11D3-BF4B-00C04F79EFBC}") = "CalculatorLibraryTest", "CalculatorLibraryTest\CalculatorLibraryTest.csproj", "{11048D2A-324D-4E86-A083-50F11A4C5C00}"
EndProject
Global
	GlobalSection(SolutionConfigurationPlatforms) = preSolution
		Debug|Any CPU = Debug|Any CPU
		Release|Any CPU = Release|Any CPU
	EndGlobalSection
	GlobalSection(ProjectConfigurationPlatforms) = postSolution
		{7ED4AE3C-F5C8-4E85-8BDC-7E4D875C80F9}.Debug|Any CPU.ActiveCfg = Debug|Any CPU
		{7ED4AE3C-F5C8-4E85-8BDC-7E4D875C80F9}.Debug|Any CPU.Build.0 = Debug|Any CPU
		{7ED4AE3C-F5C8-4E85-8BDC-7E4D875C80F9}.Release|Any CPU.ActiveCfg = Release|Any CPU
		{7ED4AE3C-F5C8-4E85-8BDC-7E4D875C80F9}.Release|Any CPU.Build.0 = Release|Any CPU
		{11048D2A-324D-4E86-A083-50F11A4C5C00}.Debug|Any CPU.ActiveCfg = Debug|Any CPU
		{11048D2A-324D-4E86-A083-50F11A4C5C00}.Debug|Any CPU.Build.0 = Debug|Any CPU
		{11048D2A-324D-4E86-A083-50F11A4C5C00}.Release|Any CPU.ActiveCfg = Release|Any CPU
		{11048D2A-324D-4E86-A083-50F11A4C5C00}.Release|Any CPU.Build.0 = Release|Any CPU
	EndGlobalSection
	GlobalSection(SolutionProperties) = preSolution
		HideSolutionNode = FALSE
	EndGlobalSection
	GlobalSection(ExtensibilityGlobals) = postSolution
		SolutionGuid = {322BC946-CBAB-49E5-B4DC-F2BF97E1FD17}
	EndGlobalSection
EndGlobal
